lockfileVersion: '9.0'

settings:
  autoInstallPeers: true
  excludeLinksFromLockfile: false

importers:

  .:
    dependencies:
      '@prisma/client':
        specifier: ~6.11
        version: 6.11.0(prisma@6.11.0(typescript@5.8.3))(typescript@5.8.3)
      '@prisma/generator-helper':
        specifier: ^6.11.0
        version: 6.11.1
      prisma:
        specifier: ~6.11
        version: 6.11.0(typescript@5.8.3)
      semver:
        specifier: ^7.7.2
        version: 7.7.2
      tslib:
        specifier: ^2.8.1
        version: 2.8.1
      typescript:
        specifier: ^5.8
        version: 5.8.3
    devDependencies:
      '@arthurfiorette/biomejs-config':
        specifier: ^2.0.0
        version: 2.0.1
      '@biomejs/biome':
        specifier: ^2.0.4
        version: 2.0.6
      '@prisma/dmmf':
        specifier: ^6.11.0
        version: 6.11.1
      '@prisma/generator':
        specifier: ^6.11.0
        version: 6.11.1
      '@types/node':
        specifier: ^24
        version: 24.0.14
      '@types/semver':
        specifier: ^7.7.0
        version: 7.7.0
      husky:
        specifier: ^9.1.7
        version: 9.1.7
      tsd:
        specifier: ^0.32.0
        version: 0.32.0

packages:

  '@arthurfiorette/biomejs-config@2.0.1':
    resolution: {integrity: sha512-XrfWe/xtKjt2cFBjMKQSMDNTzEvS0dHMn1ycjw9xrHh+/UNoK/XuNA/GpIkDU6BZSIHT5SqeMcQ+Y+PLobFi5A==}

  '@babel/code-frame@7.26.2':
    resolution: {integrity: sha512-RJlIHRueQgwWitWgF8OdFYGZX328Ax5BCemNGlqHfplnRT9ESi8JkFlvaVYbS+UubVY6dpv87Fs2u5M29iNFVQ==}
    engines: {node: '>=6.9.0'}

  '@babel/helper-validator-identifier@7.25.9':
    resolution: {integrity: sha512-Ed61U6XJc3CVRfkERJWDz4dJwKe7iLmmJsbOGu9wSloNSFttHV0I8g6UAgb7qnK5ly5bGLPd4oXZlxCdANBOWQ==}
    engines: {node: '>=6.9.0'}

  '@biomejs/biome@2.0.6':
    resolution: {integrity: sha512-RRP+9cdh5qwe2t0gORwXaa27oTOiQRQvrFf49x2PA1tnpsyU7FIHX4ZOFMtBC4QNtyWsN7Dqkf5EDbg4X+9iqA==}
    engines: {node: '>=14.21.3'}
    hasBin: true

  '@biomejs/cli-darwin-arm64@2.0.6':
    resolution: {integrity: sha512-AzdiNNjNzsE6LfqWyBvcL29uWoIuZUkndu+wwlXW13EKcBHbbKjNQEZIJKYDc6IL+p7bmWGx3v9ZtcRyIoIz5A==}
    engines: {node: '>=14.21.3'}
    cpu: [arm64]
    os: [darwin]

  '@biomejs/cli-darwin-x64@2.0.6':
    resolution: {integrity: sha512-wJjjP4E7bO4WJmiQaLnsdXMa516dbtC6542qeRkyJg0MqMXP0fvs4gdsHhZ7p9XWTAmGIjZHFKXdsjBvKGIJJQ==}
    engines: {node: '>=14.21.3'}
    cpu: [x64]
    os: [darwin]

  '@biomejs/cli-linux-arm64-musl@2.0.6':
    resolution: {integrity: sha512-CVPEMlin3bW49sBqLBg2x016Pws7eUXA27XYDFlEtponD0luYjg2zQaMJ2nOqlkKG9fqzzkamdYxHdMDc2gZFw==}
    engines: {node: '>=14.21.3'}
    cpu: [arm64]
    os: [linux]

  '@biomejs/cli-linux-arm64@2.0.6':
    resolution: {integrity: sha512-ZSVf6TYo5rNMUHIW1tww+rs/krol7U5A1Is/yzWyHVZguuB0lBnIodqyFuwCNqG9aJGyk7xIMS8HG0qGUPz0SA==}
    engines: {node: '>=14.21.3'}
    cpu: [arm64]
    os: [linux]

  '@biomejs/cli-linux-x64-musl@2.0.6':
    resolution: {integrity: sha512-mKHE/e954hR/hSnAcJSjkf4xGqZc/53Kh39HVW1EgO5iFi0JutTN07TSjEMg616julRtfSNJi0KNyxvc30Y4rQ==}
    engines: {node: '>=14.21.3'}
    cpu: [x64]
    os: [linux]

  '@biomejs/cli-linux-x64@2.0.6':
    resolution: {integrity: sha512-geM1MkHTV1Kh2Cs/Xzot9BOF3WBacihw6bkEmxkz4nSga8B9/hWy5BDiOG3gHDGIBa8WxT0nzsJs2f/hPqQIQw==}
    engines: {node: '>=14.21.3'}
    cpu: [x64]
    os: [linux]

  '@biomejs/cli-win32-arm64@2.0.6':
    resolution: {integrity: sha512-290V4oSFoKaprKE1zkYVsDfAdn0An5DowZ+GIABgjoq1ndhvNxkJcpxPsiYtT7slbVe3xmlT0ncdfOsN7KruzA==}
    engines: {node: '>=14.21.3'}
    cpu: [arm64]
    os: [win32]

  '@biomejs/cli-win32-x64@2.0.6':
    resolution: {integrity: sha512-bfM1Bce0d69Ao7pjTjUS+AWSZ02+5UHdiAP85Th8e9yV5xzw6JrHXbL5YWlcEKQ84FIZMdDc7ncuti1wd2sdbw==}
    engines: {node: '>=14.21.3'}
    cpu: [x64]
    os: [win32]

  '@jest/schemas@29.6.3':
    resolution: {integrity: sha512-mo5j5X+jIZmJQveBKeS/clAueipV7KgiX1vMgCxam1RNYiqE1w62n0/tJJnHtjW8ZHcQco5gY85jA3mi0L+nSA==}
    engines: {node: ^14.15.0 || ^16.10.0 || >=18.0.0}

  '@nodelib/fs.scandir@2.1.5':
    resolution: {integrity: sha512-vq24Bq3ym5HEQm2NKCr3yXDwjc7vTsEThRDnkp2DK9p1uqLR+DHurm/NOTo0KG7HYHU7eppKZj3MyqYuMBf62g==}
    engines: {node: '>= 8'}

  '@nodelib/fs.stat@2.0.5':
    resolution: {integrity: sha512-RkhPPp2zrqDAQA/2jNhnztcPAlv64XdhIp7a7454A5ovI7Bukxgt7MX7udwAu3zg1DcpPU0rz3VV1SeaqvY4+A==}
    engines: {node: '>= 8'}

  '@nodelib/fs.walk@1.2.8':
    resolution: {integrity: sha512-oGB+UxlgWcgQkgwo8GcEGwemoTFt3FIO9ababBmaGwXIoBKZ+GTy0pP185beGg7Llih/NSHSV2XAs1lnznocSg==}
    engines: {node: '>= 8'}

  '@prisma/client@6.11.0':
    resolution: {integrity: sha512-K9TkKepOYvCOg3qCuKz7ZHf6rf58BFKi08plKjU4qVv9y7/UxO6tLz7PlWcgODUZKURLPmRHjHERffIx/8az4w==}
    engines: {node: '>=18.18'}
    peerDependencies:
      prisma: '*'
      typescript: '>=5.1.0'
    peerDependenciesMeta:
      prisma:
        optional: true
      typescript:
        optional: true

  '@prisma/config@6.11.0':
    resolution: {integrity: sha512-icBfutMpdrwSf2ggo012zhQ4oianijXL/UPbv4PNVK3WUWbB3/F5Ltq8ZfElGrtwKC6XuFFPxU5qDC9x7vh8zQ==}

  '@prisma/debug@6.11.0':
    resolution: {integrity: sha512-zo4oEZMWMt0BFWl+4NK9FUpaEOmjGR3y2/r0lkW/DK4BUBRgMj90s8QqK2K+vXG3xn0nAGg2kOSu+Swn60CFLg==}

  '@prisma/debug@6.11.1':
    resolution: {integrity: sha512-lWRb/YSWu8l4Yum1UXfGLtqFzZkVS2ygkWYpgkbgMHn9XJlMITIgeMvJyX5GepChzhmxuSuiq/MY/kGFweOpGw==}

  '@prisma/dmmf@6.11.1':
    resolution: {integrity: sha512-EwPSlhz7Qt5msepoxlKIGjtGP6fUEFQyxrYx6f0IdvQ8l0rLSJEqBrTiMpNhgKQFeR8kuiQTv+xzHk/l8mV+Xw==}

  '@prisma/engines-version@6.11.0-18.9c30299f5a0ea26a96790e13f796dc6094db3173':
    resolution: {integrity: sha512-M3vbyDICFIA1oJl0cFkM0omD4HsJZjFi0hu0f0UxyPABH8KEcZyUd5BToCrNl4B8lUeQn+L5+gfaQleOKp6Lrg==}

  '@prisma/engines@6.11.0':
    resolution: {integrity: sha512-uqnYxvPKZPvYZA7F0q4gTR+fVWUJSY5bif7JAKBIOD5SoRRy0qEIaPy4Nna5WDLQaFGshaY/Bh8dLOQMfxhJJw==}

  '@prisma/fetch-engine@6.11.0':
    resolution: {integrity: sha512-ZHHSP7vJFo5hePH+MNovxhqXabIg38ZpCwQfUBON29kwPX3f1pjYnzGpgJLCJy4k7mKGOzTgrXPqH8+nJvq2fw==}

  '@prisma/generator-helper@6.11.1':
    resolution: {integrity: sha512-mxdeBqW8inKkuE2nHLo0SsdzsjY51cyRQYgD1uEshvy1/n5eXJJOhEA9T948qA0ZBYUb8SppO2HZtQjwkGwzjQ==}

  '@prisma/generator@6.11.1':
    resolution: {integrity: sha512-LNpsWyVjebWbVIHVw0bTTQUIlnK+92naGB5fWnjEJqJcxXuDnNQ0XomZAQ1BrqwbMrYL6RYS4whkTpKtu1ijLQ==}

  '@prisma/get-platform@6.11.0':
    resolution: {integrity: sha512-yspBGvOfJQwuoApk5B4aBlHDy6YDXAOe4Ml8U2eZ+M2b7fDd10YDomS3Q4qrYHUUVYF3TJyN86NcnRMOvCMUrA==}

  '@sinclair/typebox@0.27.8':
    resolution: {integrity: sha512-+Fj43pSMwJs4KRrH/938Uf+uAELIgVBmQzg/q1YG10djyfA3TnrU8N8XzqCh/okZdszqBQTZf96idMfE5lnwTA==}

  '@tsd/typescript@5.8.3':
    resolution: {integrity: sha512-oKarNCN1QUhG148M88mtZdOlBZWWGcInquef+U8QL7gwJkRuNo5WS45Fjsd+3hM9cDJWGpqSZ4Oo097KDx4IWA==}
    engines: {node: '>=14.17'}

  '@types/eslint@7.29.0':
    resolution: {integrity: sha512-VNcvioYDH8/FxaeTKkM4/TiTwt6pBV9E3OfGmvaw8tPl0rrHCJ4Ll15HRT+pMiFAf/MLQvAzC+6RzUMEL9Ceng==}

  '@types/estree@1.0.7':
    resolution: {integrity: sha512-w28IoSUCJpidD/TGviZwwMJckNESJZXFu7NBZ5YJ4mEUnNraUn9Pm8HSZm/jDF1pDWYKspWE7oVphigUPRakIQ==}

  '@types/json-schema@7.0.15':
    resolution: {integrity: sha512-5+fP8P8MFNC+AyZCDxrB2pkZFPGzqQWUzpSeuuVLvm8VMcorNYavBqoFcxK8bQz4Qsbn4oUEEem4wDLfcysGHA==}

  '@types/minimist@1.2.5':
    resolution: {integrity: sha512-hov8bUuiLiyFPGyFPE1lwWhmzYbirOXQNNo40+y3zow8aFVTeyn3VWL0VFFfdNddA8S4Vf0Tc062rzyNr7Paag==}

  '@types/node@24.0.14':
    resolution: {integrity: sha512-4zXMWD91vBLGRtHK3YbIoFMia+1nqEz72coM42C5ETjnNCa/heoj7NT1G67iAfOqMmcfhuCZ4uNpyz8EjlAejw==}

  '@types/normalize-package-data@2.4.4':
    resolution: {integrity: sha512-37i+OaWTh9qeK4LSHPsyRC7NahnGotNuZvjLSgcPzblpHB3rrCJxAOgI5gCdKm7coonsaX1Of0ILiTcnZjbfxA==}

  '@types/semver@7.7.0':
    resolution: {integrity: sha512-k107IF4+Xr7UHjwDc7Cfd6PRQfbdkiRabXGRjo07b4WyPahFBZCZ1sE+BNxYIJPPg73UkfOsVOLwqVc/6ETrIA==}

  ansi-escapes@4.3.2:
    resolution: {integrity: sha512-gKXj5ALrKWQLsYG9jlTRmR/xKluxHV+Z9QEwNIgCfM1/uwPMCuzVVnh5mwTd+OuBZcwSIMbqssNWRm1lE51QaQ==}
    engines: {node: '>=8'}

  ansi-regex@5.0.1:
    resolution: {integrity: sha512-quJQXlTSUGL2LH9SUXo8VwsY4soanhgo6LNSm84E1LBcE8s3O0wpdiRzyR9z/ZZJMlMWv37qOOb9pdJlMUEKFQ==}
    engines: {node: '>=8'}

  ansi-styles@4.3.0:
    resolution: {integrity: sha512-zbB9rCJAT1rbjiVDb2hqKFHNYLxgtk8NURxZ3IZwD3F6NtxbXZQCnnSi1Lkx+IDohdPlFp222wVALIheZJQSEg==}
    engines: {node: '>=8'}

  ansi-styles@5.2.0:
    resolution: {integrity: sha512-Cxwpt2SfTzTtXcfOlzGEee8O+c+MmUgGrNiBcXnuWxuFJHe6a5Hz7qwhwe5OgaSYI0IJvkLqWX1ASG+cJOkEiA==}
    engines: {node: '>=10'}

  array-union@2.1.0:
    resolution: {integrity: sha512-HGyxoOTYUyCM6stUe6EJgnd4EoewAI7zMdfqO+kGjnlZmBDz/cR5pf8r/cR4Wq60sL/p0IkcjUEEPwS3GFrIyw==}
    engines: {node: '>=8'}

  arrify@1.0.1:
    resolution: {integrity: sha512-3CYzex9M9FGQjCGMGyi6/31c8GJbgb0qGyrx5HWxPd0aCwh4cB2YjMb2Xf9UuoogrMrlO9cTqnB5rI5GHZTcUA==}
    engines: {node: '>=0.10.0'}

  braces@3.0.3:
    resolution: {integrity: sha512-yQbXgO/OSZVD2IsiLlro+7Hf6Q18EJrKSEsdoMzKePKXct3gvD8oLcOQdIzGupr5Fj+EDe8gO/lxc1BzfMpxvA==}
    engines: {node: '>=8'}

  camelcase-keys@6.2.2:
    resolution: {integrity: sha512-YrwaA0vEKazPBkn0ipTiMpSajYDSe+KjQfrjhcBMxJt/znbvlHd8Pw/Vamaz5EB4Wfhs3SUR3Z9mwRu/P3s3Yg==}
    engines: {node: '>=8'}

  camelcase@5.3.1:
    resolution: {integrity: sha512-L28STB170nwWS63UjtlEOE3dldQApaJXZkOI1uMFfzf3rRuPegHaHesyee+YxQ+W6SvRDQV6UrdOdRiR153wJg==}
    engines: {node: '>=6'}

  chalk@4.1.2:
    resolution: {integrity: sha512-oKnbhFyRIXpUuez8iBMmyEa4nbj4IOQyuhc/wy9kY7/WVPcwIO9VA668Pu8RkO7+0G76SLROeyw9CpQ061i4mA==}
    engines: {node: '>=10'}

  color-convert@2.0.1:
    resolution: {integrity: sha512-RRECPsj7iu/xb5oKYcsFHSppFNnsj/52OVTRKb4zP5onXwVF3zVmmToNcOfGC+CRDpfK/U584fMg38ZHCaElKQ==}
    engines: {node: '>=7.0.0'}

  color-name@1.1.4:
    resolution: {integrity: sha512-dOy+3AuW3a2wNbZHIuMZpTcgjGuLU/uBL/ubcZF9OXbDo8ff4O8yVp5Bf0efS8uEoYo5q4Fx7dY9OgQGXgAsQA==}

  decamelize-keys@1.1.1:
    resolution: {integrity: sha512-WiPxgEirIV0/eIOMcnFBA3/IJZAZqKnwAwWyvvdi4lsr1WCN22nhdf/3db3DoZcUjTV2SqfzIwNyp6y2xs3nmg==}
    engines: {node: '>=0.10.0'}

  decamelize@1.2.0:
    resolution: {integrity: sha512-z2S+W9X73hAUUki+N+9Za2lBlun89zigOyGrsax+KUQ6wKW4ZoWpEYBkGhQjwAjjDCkWxhY0VKEhk8wzY7F5cA==}
    engines: {node: '>=0.10.0'}

  diff-sequences@29.6.3:
    resolution: {integrity: sha512-EjePK1srD3P08o2j4f0ExnylqRs5B9tJjcp9t1krH2qRi8CCdsYfwe9JgSLurFBWwq4uOlipzfk5fHNvwFKr8Q==}
    engines: {node: ^14.15.0 || ^16.10.0 || >=18.0.0}

  dir-glob@3.0.1:
    resolution: {integrity: sha512-WkrWp9GR4KXfKGYzOLmTuGVi1UWFfws377n9cc55/tb6DuqyF6pcQ5AbiHEshaDpY9v6oaSr2XCDidGmMwdzIA==}
    engines: {node: '>=8'}

  emoji-regex@8.0.0:
    resolution: {integrity: sha512-MSjYzcWNOA0ewAHpz0MxpYFvwg6yjy1NG3xteoqz644VCo/RPgnr1/GGt+ic3iJTzQ8Eu3TdM14SawnVUmGE6A==}

  error-ex@1.3.2:
    resolution: {integrity: sha512-7dFHNmqeFSEt2ZBsCriorKnn3Z2pj+fd9kmI6QoWw4//DL+icEBfc0U7qJCisqrTsKTjw4fNFy2pW9OqStD84g==}

  eslint-formatter-pretty@4.1.0:
    resolution: {integrity: sha512-IsUTtGxF1hrH6lMWiSl1WbGaiP01eT6kzywdY1U+zLc0MP+nwEnUiS9UI8IaOTUhTeQJLlCEWIbXINBH4YJbBQ==}
    engines: {node: '>=10'}

  eslint-rule-docs@1.1.235:
    resolution: {integrity: sha512-+TQ+x4JdTnDoFEXXb3fDvfGOwnyNV7duH8fXWTPD1ieaBmB8omj7Gw/pMBBu4uI2uJCCU8APDaQJzWuXnTsH4A==}

  fast-glob@3.3.3:
    resolution: {integrity: sha512-7MptL8U0cqcFdzIzwOTHoilX9x5BrNqye7Z/LuC7kCMRio1EMSyqRK3BEAUD7sXRq4iT4AzTVuZdhgQ2TCvYLg==}
    engines: {node: '>=8.6.0'}

  fastq@1.19.1:
    resolution: {integrity: sha512-GwLTyxkCXjXbxqIhTsMI2Nui8huMPtnxg7krajPJAjnEG/iiOS7i+zCtWGZR9G0NBKbXKh6X9m9UIsYX/N6vvQ==}

  fill-range@7.1.1:
    resolution: {integrity: sha512-YsGpe3WHLK8ZYi4tWDg2Jy3ebRz2rXowDxnld4bkQB00cc/1Zw9AWnC0i9ztDJitivtQvaI9KaLyKrc+hBW0yg==}
    engines: {node: '>=8'}

  find-up@4.1.0:
    resolution: {integrity: sha512-PpOwAdQ/YlXQ2vj8a3h8IipDuYRi3wceVQQGYWxNINccq40Anw7BlsEXCMbt1Zt+OLA6Fq9suIpIWD0OsnISlw==}
    engines: {node: '>=8'}

  function-bind@1.1.2:
    resolution: {integrity: sha512-7XHNxH7qX9xG5mIwxkhumTox/MIRNcOgDrxWsMt2pAr23WHp6MrRlN7FBSFpCpr+oVO0F744iUgR82nJMfG2SA==}

  glob-parent@5.1.2:
    resolution: {integrity: sha512-AOIgSQCepiJYwP3ARnGx+5VnTu2HBYdzbGP45eLw1vr3zB3vZLeyed1sC9hnbcOc9/SrMyM5RPQrkGz4aS9Zow==}
    engines: {node: '>= 6'}

  globby@11.1.0:
    resolution: {integrity: sha512-jhIXaOzy1sb8IyocaruWSn1TjmnBVs8Ayhcy83rmxNJ8q2uWKCAj3CnJY+KpGSXCueAPc0i05kVvVKtP1t9S3g==}
    engines: {node: '>=10'}

  hard-rejection@2.1.0:
    resolution: {integrity: sha512-VIZB+ibDhx7ObhAe7OVtoEbuP4h/MuOTHJ+J8h/eBXotJYl0fBgR72xDFCKgIh22OJZIOVNxBMWuhAr10r8HdA==}
    engines: {node: '>=6'}

  has-flag@4.0.0:
    resolution: {integrity: sha512-EykJT/Q1KjTWctppgIAgfSO0tKVuZUjhgMr17kqTumMl6Afv3EISleU7qZUzoXDFTAHTDC4NOoG/ZxU3EvlMPQ==}
    engines: {node: '>=8'}

  hasown@2.0.2:
    resolution: {integrity: sha512-0hJU9SCPvmMzIBdZFqNPXWa6dqh7WdH0cII9y+CyS8rG3nL48Bclra9HmKhVVUHyPWNH5Y7xDwAB7bfgSjkUMQ==}
    engines: {node: '>= 0.4'}

  hosted-git-info@2.8.9:
    resolution: {integrity: sha512-mxIDAb9Lsm6DoOJ7xH+5+X4y1LU/4Hi50L9C5sIswK3JzULS4bwk1FvjdBgvYR4bzT4tuUQiC15FE2f5HbLvYw==}

  hosted-git-info@4.1.0:
    resolution: {integrity: sha512-kyCuEOWjJqZuDbRHzL8V93NzQhwIB71oFWSyzVo+KPZI+pnQPPxucdkrOZvkLRnrf5URsQM+IJ09Dw29cRALIA==}
    engines: {node: '>=10'}

  husky@9.1.7:
    resolution: {integrity: sha512-5gs5ytaNjBrh5Ow3zrvdUUY+0VxIuWVL4i9irt6friV+BqdCfmV11CQTWMiBYWHbXhco+J1kHfTOUkePhCDvMA==}
    engines: {node: '>=18'}
    hasBin: true

  ignore@5.3.2:
    resolution: {integrity: sha512-hsBTNUqQTDwkWtcdYI2i06Y/nUBEsNEDJKjWdigLvegy8kDuJAS8uRlpkkcQpyEXL0Z/pjDy5HBmMjRCJ2gq+g==}
    engines: {node: '>= 4'}

  indent-string@4.0.0:
    resolution: {integrity: sha512-EdDDZu4A2OyIK7Lr/2zG+w5jmbuk1DVBnEwREQvBzspBJkCEbRa8GxU1lghYcaGJCnRWibjDXlq779X1/y5xwg==}
    engines: {node: '>=8'}

  irregular-plurals@3.5.0:
    resolution: {integrity: sha512-1ANGLZ+Nkv1ptFb2pa8oG8Lem4krflKuX/gINiHJHjJUKaJHk/SXk5x6K3J+39/p0h1RQ2saROclJJ+QLvETCQ==}
    engines: {node: '>=8'}

  is-arrayish@0.2.1:
    resolution: {integrity: sha512-zz06S8t0ozoDXMG+ube26zeCTNXcKIPJZJi8hBrF4idCLms4CG9QtK7qBl1boi5ODzFpjswb5JPmHCbMpjaYzg==}

  is-core-module@2.16.1:
    resolution: {integrity: sha512-UfoeMA6fIJ8wTYFEUjelnaGI67v6+N7qXJEvQuIGa99l4xsCruSYOVSQ0uPANn4dAzm8lkYPaKLrrijLq7x23w==}
    engines: {node: '>= 0.4'}

  is-extglob@2.1.1:
    resolution: {integrity: sha512-SbKbANkN603Vi4jEZv49LeVJMn4yGwsbzZworEoyEiutsN3nJYdbO36zfhGJ6QEDpOZIFkDtnq5JRxmvl3jsoQ==}
    engines: {node: '>=0.10.0'}

  is-fullwidth-code-point@3.0.0:
    resolution: {integrity: sha512-zymm5+u+sCsSWyD9qNaejV3DFvhCKclKdizYaJUuHA83RLjb7nSuGnddCHGv0hk+KY7BMAlsWeK4Ueg6EV6XQg==}
    engines: {node: '>=8'}

  is-glob@4.0.3:
    resolution: {integrity: sha512-xelSayHH36ZgE7ZWhli7pW34hNbNl8Ojv5KVmkJD4hBdD3th8Tfk9vYasLM+mXWOZhFkgZfxhLSnrwRr4elSSg==}
    engines: {node: '>=0.10.0'}

  is-number@7.0.0:
    resolution: {integrity: sha512-41Cifkg6e8TylSpdtTpeLVMqvSBEVzTttHvERD741+pnZ8ANv0004MRL43QKPDlK9cGvNp6NZWZUBlbGXYxxng==}
    engines: {node: '>=0.12.0'}

  is-plain-obj@1.1.0:
    resolution: {integrity: sha512-yvkRyxmFKEOQ4pNXCmJG5AEQNlXJS5LaONXo5/cLdTZdWvsZ1ioJEonLGAosKlMWE8lwUy/bJzMjcw8az73+Fg==}
    engines: {node: '>=0.10.0'}

  is-unicode-supported@0.1.0:
    resolution: {integrity: sha512-knxG2q4UC3u8stRGyAVJCOdxFmv5DZiRcdlIaAQXAbSfJya+OhopNotLQrstBhququ4ZpuKbDc/8S6mgXgPFPw==}
    engines: {node: '>=10'}

  jest-diff@29.7.0:
    resolution: {integrity: sha512-LMIgiIrhigmPrs03JHpxUh2yISK3vLFPkAodPeo0+BuF7wA2FoQbkEg1u8gBYBThncu7e1oEDUfIXVuTqLRUjw==}
    engines: {node: ^14.15.0 || ^16.10.0 || >=18.0.0}

  jest-get-type@29.6.3:
    resolution: {integrity: sha512-zrteXnqYxfQh7l5FHyL38jL39di8H8rHoecLH3JNxH3BwOrBsNeabdap5e0I23lD4HHI8W5VFBZqG4Eaq5LNcw==}
    engines: {node: ^14.15.0 || ^16.10.0 || >=18.0.0}

  jiti@2.4.2:
    resolution: {integrity: sha512-rg9zJN+G4n2nfJl5MW3BMygZX56zKPNVEYYqq7adpmMh4Jn2QNEwhvQlFy6jPVdcod7txZtKHWnyZiA3a0zP7A==}
    hasBin: true

  js-tokens@4.0.0:
    resolution: {integrity: sha512-RdJUflcE3cUzKiMqQgsCu06FPu9UdIJO0beYbPhHN4k6apgJtifcoCtT9bcxOpYBtpD2kCM6Sbzg4CausW/PKQ==}

  json-parse-even-better-errors@2.3.1:
    resolution: {integrity: sha512-xyFwyhro/JEof6Ghe2iz2NcXoj2sloNsWr/XsERDK/oiPCfaNhl5ONfp+jQdAZRQQ0IJWNzH9zIZF7li91kh2w==}

  kind-of@6.0.3:
    resolution: {integrity: sha512-dcS1ul+9tmeD95T+x28/ehLgd9mENa3LsvDTtzm3vyBEO7RPptvAD+t44WVXaUjTBRcrpFeFlC8WCruUR456hw==}
    engines: {node: '>=0.10.0'}

  lines-and-columns@1.2.4:
    resolution: {integrity: sha512-7ylylesZQ/PV29jhEDl3Ufjo6ZX7gCqJr5F7PKrqc93v7fzSymt1BpwEU8nAUXs8qzzvqhbjhK5QZg6Mt/HkBg==}

  locate-path@5.0.0:
    resolution: {integrity: sha512-t7hw9pI+WvuwNJXwk5zVHpyhIqzg2qTlklJOf0mVxGSbe3Fp2VieZcduNYjaLDoy6p9uGpQEGWG87WpMKlNq8g==}
    engines: {node: '>=8'}

  log-symbols@4.1.0:
    resolution: {integrity: sha512-8XPvpAA8uyhfteu8pIvQxpJZ7SYYdpUivZpGy6sFsBuKRY/7rQGavedeB8aK+Zkyq6upMFVL/9AW6vOYzfRyLg==}
    engines: {node: '>=10'}

  lru-cache@6.0.0:
    resolution: {integrity: sha512-Jo6dJ04CmSjuznwJSS3pUeWmd/H0ffTlkXXgwZi+eq1UCmqQwCh+eLsYOYCwY991i2Fah4h1BEMCx4qThGbsiA==}
    engines: {node: '>=10'}

  map-obj@1.0.1:
    resolution: {integrity: sha512-7N/q3lyZ+LVCp7PzuxrJr4KMbBE2hW7BT7YNia330OFxIf4d3r5zVpicP2650l7CPN6RM9zOJRl3NGpqSiw3Eg==}
    engines: {node: '>=0.10.0'}

  map-obj@4.3.0:
    resolution: {integrity: sha512-hdN1wVrZbb29eBGiGjJbeP8JbKjq1urkHJ/LIP/NY48MZ1QVXUsQBV1G1zvYFHn1XE06cwjBsOI2K3Ulnj1YXQ==}
    engines: {node: '>=8'}

  meow@9.0.0:
    resolution: {integrity: sha512-+obSblOQmRhcyBt62furQqRAQpNyWXo8BuQ5bN7dG8wmwQ+vwHKp/rCFD4CrTP8CsDQD1sjoZ94K417XEUk8IQ==}
    engines: {node: '>=10'}

  merge2@1.4.1:
    resolution: {integrity: sha512-8q7VEgMJW4J8tcfVPy8g09NcQwZdbwFEqhe/WZkoIzjn/3TGDwtOCYtXGxA3O8tPzpczCCDgv+P2P5y00ZJOOg==}
    engines: {node: '>= 8'}

  micromatch@4.0.8:
    resolution: {integrity: sha512-PXwfBhYu0hBCPw8Dn0E+WDYb7af3dSLVWKi3HGv84IdF4TyFoC0ysxFd0Goxw7nSv4T/PzEJQxsYsEiFCKo2BA==}
    engines: {node: '>=8.6'}

  min-indent@1.0.1:
    resolution: {integrity: sha512-I9jwMn07Sy/IwOj3zVkVik2JTvgpaykDZEigL6Rx6N9LbMywwUSMtxET+7lVoDLLd3O3IXwJwvuuns8UB/HeAg==}
    engines: {node: '>=4'}

  minimist-options@4.1.0:
    resolution: {integrity: sha512-Q4r8ghd80yhO/0j1O3B2BjweX3fiHg9cdOwjJd2J76Q135c+NDxGCqdYKQ1SKBuFfgWbAUzBfvYjPUEeNgqN1A==}
    engines: {node: '>= 6'}

  normalize-package-data@2.5.0:
    resolution: {integrity: sha512-/5CMN3T0R4XTj4DcGaexo+roZSdSFW/0AOOTROrjxzCG1wrWXEsGbRKevjlIL+ZDE4sZlJr5ED4YW0yqmkK+eA==}

  normalize-package-data@3.0.3:
    resolution: {integrity: sha512-p2W1sgqij3zMMyRC067Dg16bfzVH+w7hyegmpIvZ4JNjqtGOVAIvLmjBx3yP7YTe9vKJgkoNOPjwQGogDoMXFA==}
    engines: {node: '>=10'}

  p-limit@2.3.0:
    resolution: {integrity: sha512-//88mFWSJx8lxCzwdAABTJL2MyWB12+eIY7MDL2SqLmAkeKU9qxRvWuSyTjm3FUmpBEMuFfckAIqEaVGUDxb6w==}
    engines: {node: '>=6'}

  p-locate@4.1.0:
    resolution: {integrity: sha512-R79ZZ/0wAxKGu3oYMlz8jy/kbhsNrS7SKZ7PxEHBgJ5+F2mtFW2fK2cOtBh1cHYkQsbzFV7I+EoRKe6Yt0oK7A==}
    engines: {node: '>=8'}

  p-try@2.2.0:
    resolution: {integrity: sha512-R4nPAVTAU0B9D35/Gk3uJf/7XYbQcyohSKdvAxIRSNghFl4e71hVoGnBNQz9cWaXxO2I10KTC+3jMdvvoKw6dQ==}
    engines: {node: '>=6'}

  parse-json@5.2.0:
    resolution: {integrity: sha512-ayCKvm/phCGxOkYRSCM82iDwct8/EonSEgCSxWxD7ve6jHggsFl4fZVQBPRNgQoKiuV/odhFrGzQXZwbifC8Rg==}
    engines: {node: '>=8'}

  path-exists@4.0.0:
    resolution: {integrity: sha512-ak9Qy5Q7jYb2Wwcey5Fpvg2KoAc/ZIhLSLOSBmRmygPsGwkVVt0fZa0qrtMz+m6tJTAHfZQ8FnmB4MG4LWy7/w==}
    engines: {node: '>=8'}

  path-parse@1.0.7:
    resolution: {integrity: sha512-LDJzPVEEEPR+y48z93A0Ed0yXb8pAByGWo/k5YYdYgpY2/2EsOsksJrq7lOHxryrVOn1ejG6oAp8ahvOIQD8sw==}

  path-type@4.0.0:
    resolution: {integrity: sha512-gDKb8aZMDeD/tZWs9P6+q0J9Mwkdl6xMV8TjnGP3qJVJ06bdMgkbBlLU8IdfOsIsFz2BW1rNVT3XuNEl8zPAvw==}
    engines: {node: '>=8'}

  picocolors@1.1.1:
    resolution: {integrity: sha512-xceH2snhtb5M9liqDsmEw56le376mTZkEX/jEb/RxNFyegNul7eNslCXP9FDj/Lcu0X8KEyMceP2ntpaHrDEVA==}

  picomatch@2.3.1:
    resolution: {integrity: sha512-JU3teHTNjmE2VCGFzuY8EXzCDVwEqB2a8fsIvwaStHhAWJEeVd1o1QD80CU6+ZdEXXSLbSsuLwJjkCBWqRQUVA==}
    engines: {node: '>=8.6'}

  plur@4.0.0:
    resolution: {integrity: sha512-4UGewrYgqDFw9vV6zNV+ADmPAUAfJPKtGvb/VdpQAx25X5f3xXdGdyOEVFwkl8Hl/tl7+xbeHqSEM+D5/TirUg==}
    engines: {node: '>=10'}

  pretty-format@29.7.0:
    resolution: {integrity: sha512-Pdlw/oPxN+aXdmM9R00JVC9WVFoCLTKJvDVLgmJ+qAffBMxsV85l/Lu7sNx4zSzPyoL2euImuEwHhOXdEgNFZQ==}
    engines: {node: ^14.15.0 || ^16.10.0 || >=18.0.0}

  prisma@6.11.0:
    resolution: {integrity: sha512-gI69E7fusgk32XALpXzdgR10xUx2aFnHiu/JaUo4O07G4JvFT0xNtD0Iy81p37iBLTYFEhWa9VrHKXaiyZ5fLQ==}
    engines: {node: '>=18.18'}
    hasBin: true
    peerDependencies:
      typescript: '>=5.1.0'
    peerDependenciesMeta:
      typescript:
        optional: true

  queue-microtask@1.2.3:
    resolution: {integrity: sha512-NuaNSa6flKT5JaSYQzJok04JzTL1CA6aGhv5rfLW3PgqA+M2ChpZQnAC8h8i4ZFkBS8X5RqkDBHA7r4hej3K9A==}

  quick-lru@4.0.1:
    resolution: {integrity: sha512-ARhCpm70fzdcvNQfPoy49IaanKkTlRWF2JMzqhcJbhSFRZv7nPTvZJdcY7301IPmvW+/p0RgIWnQDLJxifsQ7g==}
    engines: {node: '>=8'}

  react-is@18.3.1:
    resolution: {integrity: sha512-/LLMVyas0ljjAtoYiPqYiL8VWXzUUdThrmU5+n20DZv+a+ClRoevUzw5JxU+Ieh5/c87ytoTBV9G1FiKfNJdmg==}

  read-pkg-up@7.0.1:
    resolution: {integrity: sha512-zK0TB7Xd6JpCLmlLmufqykGE+/TlOePD6qKClNW7hHDKFh/J7/7gCWGR7joEQEW1bKq3a3yUZSObOoWLFQ4ohg==}
    engines: {node: '>=8'}

  read-pkg@5.2.0:
    resolution: {integrity: sha512-Ug69mNOpfvKDAc2Q8DRpMjjzdtrnv9HcSMX+4VsZxD1aZ6ZzrIE7rlzXBtWTyhULSMKg076AW6WR5iZpD0JiOg==}
    engines: {node: '>=8'}

  redent@3.0.0:
    resolution: {integrity: sha512-6tDA8g98We0zd0GvVeMT9arEOnTw9qM03L9cJXaCjrip1OO764RDBLBfrB4cwzNGDj5OA5ioymC9GkizgWJDUg==}
    engines: {node: '>=8'}

  resolve@1.22.10:
    resolution: {integrity: sha512-NPRy+/ncIMeDlTAsuqwKIiferiawhefFJtkNSW0qZJEqMEb+qBt/77B/jGeeek+F0uOeN05CDa6HXbbIgtVX4w==}
    engines: {node: '>= 0.4'}
    hasBin: true

  reusify@1.1.0:
    resolution: {integrity: sha512-g6QUff04oZpHs0eG5p83rFLhHeV00ug/Yf9nZM6fLeUrPguBTkTQOdpAWWspMh55TZfVQDPaN3NQJfbVRAxdIw==}
    engines: {iojs: '>=1.0.0', node: '>=0.10.0'}

  run-parallel@1.2.0:
    resolution: {integrity: sha512-5l4VyZR86LZ/lDxZTR6jqL8AFE2S0IFLMP26AbjsLVADxHdhB/c0GUsH+y39UfCi3dzz8OlQuPmnaJOMoDHQBA==}

  semver@5.7.2:
    resolution: {integrity: sha512-cBznnQ9KjJqU67B52RMC65CMarK2600WFnbkcaiwWq3xy/5haFJlshgnpjovMVJ+Hff49d8GEn0b87C5pDQ10g==}
    hasBin: true

  semver@7.7.2:
    resolution: {integrity: sha512-RF0Fw+rO5AMf9MAyaRXI4AV0Ulj5lMHqVxxdSgiVbixSCXoEmmX/jk0CuJw4+3SqroYO9VoUh+HcuJivvtJemA==}
    engines: {node: '>=10'}
    hasBin: true

  slash@3.0.0:
    resolution: {integrity: sha512-g9Q1haeby36OSStwb4ntCGGGaKsaVSjQ68fBxoQcutl5fS1vuY18H3wSt3jFyFtrkx+Kz0V1G85A4MyAdDMi2Q==}
    engines: {node: '>=8'}

  spdx-correct@3.2.0:
    resolution: {integrity: sha512-kN9dJbvnySHULIluDHy32WHRUu3Og7B9sbY7tsFLctQkIqnMh3hErYgdMjTYuqmcXX+lK5T1lnUt3G7zNswmZA==}

  spdx-exceptions@2.5.0:
    resolution: {integrity: sha512-PiU42r+xO4UbUS1buo3LPJkjlO7430Xn5SVAhdpzzsPHsjbYVflnnFdATgabnLude+Cqu25p6N+g2lw/PFsa4w==}

  spdx-expression-parse@3.0.1:
    resolution: {integrity: sha512-cbqHunsQWnJNE6KhVSMsMeH5H/L9EpymbzqTQ3uLwNCLZ1Q481oWaofqH7nO6V07xlXwY6PhQdQ2IedWx/ZK4Q==}

  spdx-license-ids@3.0.21:
    resolution: {integrity: sha512-Bvg/8F5XephndSK3JffaRqdT+gyhfqIPwDHpX80tJrF8QQRYMo8sNMeaZ2Dp5+jhwKnUmIOyFFQfHRkjJm5nXg==}

  string-width@4.2.3:
    resolution: {integrity: sha512-wKyQRQpjJ0sIp62ErSZdGsjMJWsap5oRNihHhu6G7JVO/9jIB6UyevL+tXuOqrng8j/cxKTWyWUwvSTriiZz/g==}
    engines: {node: '>=8'}

  strip-ansi@6.0.1:
    resolution: {integrity: sha512-Y38VPSHcqkFrCpFnQ9vuSXmquuv5oXOKpGeT6aGrr3o3Gc9AlVa6JBfUSOCnbxGGZF+/0ooI7KrPuUSztUdU5A==}
    engines: {node: '>=8'}

  strip-indent@3.0.0:
    resolution: {integrity: sha512-laJTa3Jb+VQpaC6DseHhF7dXVqHTfJPCRDaEbid/drOhgitgYku/letMUqOXFoWV0zIIUbjpdH2t+tYj4bQMRQ==}
    engines: {node: '>=8'}

  supports-color@7.2.0:
    resolution: {integrity: sha512-qpCAvRl9stuOHveKsn7HncJRvv501qIacKzQlO/+Lwxc9+0q2wLyv4Dfvt80/DPn2pqOBsJdDiogXGR9+OvwRw==}
    engines: {node: '>=8'}

  supports-hyperlinks@2.3.0:
    resolution: {integrity: sha512-RpsAZlpWcDwOPQA22aCH4J0t7L8JmAvsCxfOSEwm7cQs3LshN36QaTkwd70DnBOXDWGssw2eUoc8CaRWT0XunA==}
    engines: {node: '>=8'}

  supports-preserve-symlinks-flag@1.0.0:
    resolution: {integrity: sha512-ot0WnXS9fgdkgIcePe6RHNk1WA8+muPa6cSjeR3V8K27q9BB1rTE3R1p7Hv0z1ZyAc8s6Vvv8DIyWf681MAt0w==}
    engines: {node: '>= 0.4'}

  to-regex-range@5.0.1:
    resolution: {integrity: sha512-65P7iz6X5yEr1cwcgvQxbbIw7Uk3gOy5dIdtZ4rDveLqhrdJP+Li/Hx6tyK0NEb+2GCyneCMJiGqrADCSNk8sQ==}
    engines: {node: '>=8.0'}

  trim-newlines@3.0.1:
    resolution: {integrity: sha512-c1PTsA3tYrIsLGkJkzHF+w9F2EyxfXGo4UyJc4pFL++FMjnq0HJS69T3M7d//gKrFKwy429bouPescbjecU+Zw==}
    engines: {node: '>=8'}

  tsd@0.32.0:
    resolution: {integrity: sha512-R5lBZCbxGBowOcW0gpQaiIjGYrG5NmU+PfFDKcc3zbtzWjML1o/zAwzdDnS2ZheSlPu9GW51azpFqEPUBq9DoQ==}
    engines: {node: '>=14.16'}
    hasBin: true

  tslib@2.8.1:
    resolution: {integrity: sha512-oJFu94HQb+KVduSUQL7wnpmqnfmLsOA/nAh6b6EH0wCEoK0/mPeXU6c3wKDV83MkOuHPRHtSXKKU99IBazS/2w==}

  type-fest@0.18.1:
    resolution: {integrity: sha512-OIAYXk8+ISY+qTOwkHtKqzAuxchoMiD9Udx+FSGQDuiRR+PJKJHc2NJAXlbhkGwTt/4/nKZxELY1w3ReWOL8mw==}
    engines: {node: '>=10'}

  type-fest@0.21.3:
    resolution: {integrity: sha512-t0rzBq87m3fVcduHDUFhKmyyX+9eo6WQjZvf51Ea/M0Q7+T374Jp1aUiyUl0GKxp8M/OETVHSDvmkyPgvX+X2w==}
    engines: {node: '>=10'}

  type-fest@0.6.0:
    resolution: {integrity: sha512-q+MB8nYR1KDLrgr4G5yemftpMC7/QLqVndBmEEdqzmNj5dcFOO4Oo8qlwZE3ULT3+Zim1F8Kq4cBnikNhlCMlg==}
    engines: {node: '>=8'}

  type-fest@0.8.1:
    resolution: {integrity: sha512-4dbzIzqvjtgiM5rw1k5rEHtBANKmdudhGyBEajN01fEyhaAIhsoKNy6y7+IN93IfpFtwY9iqi7kD+xwKhQsNJA==}
    engines: {node: '>=8'}

  typescript@5.8.3:
    resolution: {integrity: sha512-p1diW6TqL9L07nNxvRMM7hMMw4c5XOo/1ibL4aAIGmSAt9slTE1Xgw5KWuof2uTOvCg9BY7ZRi+GaF+7sfgPeQ==}
    engines: {node: '>=14.17'}
    hasBin: true

  undici-types@7.8.0:
    resolution: {integrity: sha512-9UJ2xGDvQ43tYyVMpuHlsgApydB8ZKfVYTsLDhXkFL/6gfkp+U8xTGdh8pMJv1SpZna0zxG1DwsKZsreLbXBxw==}

  validate-npm-package-license@3.0.4:
    resolution: {integrity: sha512-DpKm2Ui/xN7/HQKCtpZxoRWBhZ9Z0kqtygG8XCgNQ8ZlDnxuQmWhj566j8fN4Cu3/JmbhsDo7fcAJq4s9h27Ew==}

  yallist@4.0.0:
    resolution: {integrity: sha512-3wdGidZyq5PB084XLES5TpOSRA3wjXAlIWMhum2kRcv/41Sn2emQ0dycQW4uZXLejwKvg6EsvbdlVL+FYEct7A==}

  yargs-parser@20.2.9:
    resolution: {integrity: sha512-y11nGElTIV+CT3Zv9t7VKl+Q3hTQoT9a1Qzezhhl6Rp21gJ/IVTW7Z3y9EWXhuUBC2Shnf+DX0antecpAwSP8w==}
    engines: {node: '>=10'}

snapshots:

  '@arthurfiorette/biomejs-config@2.0.1': {}

  '@babel/code-frame@7.26.2':
    dependencies:
      '@babel/helper-validator-identifier': 7.25.9
      js-tokens: 4.0.0
      picocolors: 1.1.1

  '@babel/helper-validator-identifier@7.25.9': {}

  '@biomejs/biome@2.0.6':
    optionalDependencies:
      '@biomejs/cli-darwin-arm64': 2.0.6
      '@biomejs/cli-darwin-x64': 2.0.6
      '@biomejs/cli-linux-arm64': 2.0.6
      '@biomejs/cli-linux-arm64-musl': 2.0.6
      '@biomejs/cli-linux-x64': 2.0.6
      '@biomejs/cli-linux-x64-musl': 2.0.6
      '@biomejs/cli-win32-arm64': 2.0.6
      '@biomejs/cli-win32-x64': 2.0.6

  '@biomejs/cli-darwin-arm64@2.0.6':
    optional: true

  '@biomejs/cli-darwin-x64@2.0.6':
    optional: true

  '@biomejs/cli-linux-arm64-musl@2.0.6':
    optional: true

  '@biomejs/cli-linux-arm64@2.0.6':
    optional: true

  '@biomejs/cli-linux-x64-musl@2.0.6':
    optional: true

  '@biomejs/cli-linux-x64@2.0.6':
    optional: true

  '@biomejs/cli-win32-arm64@2.0.6':
    optional: true

  '@biomejs/cli-win32-x64@2.0.6':
    optional: true

  '@jest/schemas@29.6.3':
    dependencies:
      '@sinclair/typebox': 0.27.8

  '@nodelib/fs.scandir@2.1.5':
    dependencies:
      '@nodelib/fs.stat': 2.0.5
      run-parallel: 1.2.0

  '@nodelib/fs.stat@2.0.5': {}

  '@nodelib/fs.walk@1.2.8':
    dependencies:
      '@nodelib/fs.scandir': 2.1.5
      fastq: 1.19.1

  '@prisma/client@6.11.0(prisma@6.11.0(typescript@5.8.3))(typescript@5.8.3)':
    optionalDependencies:
      prisma: 6.11.0(typescript@5.8.3)
      typescript: 5.8.3

  '@prisma/config@6.11.0':
    dependencies:
      jiti: 2.4.2

  '@prisma/debug@6.11.0': {}

  '@prisma/debug@6.11.1': {}

  '@prisma/dmmf@6.11.1': {}

  '@prisma/engines-version@6.11.0-18.9c30299f5a0ea26a96790e13f796dc6094db3173': {}

  '@prisma/engines@6.11.0':
    dependencies:
      '@prisma/debug': 6.11.0
      '@prisma/engines-version': 6.11.0-18.9c30299f5a0ea26a96790e13f796dc6094db3173
      '@prisma/fetch-engine': 6.11.0
      '@prisma/get-platform': 6.11.0

  '@prisma/fetch-engine@6.11.0':
    dependencies:
      '@prisma/debug': 6.11.0
      '@prisma/engines-version': 6.11.0-18.9c30299f5a0ea26a96790e13f796dc6094db3173
      '@prisma/get-platform': 6.11.0

  '@prisma/generator-helper@6.11.1':
    dependencies:
      '@prisma/debug': 6.11.1
      '@prisma/dmmf': 6.11.1
      '@prisma/generator': 6.11.1

  '@prisma/generator@6.11.1': {}

  '@prisma/get-platform@6.11.0':
    dependencies:
      '@prisma/debug': 6.11.0

  '@sinclair/typebox@0.27.8': {}

  '@tsd/typescript@5.8.3': {}

  '@types/eslint@7.29.0':
    dependencies:
      '@types/estree': 1.0.7
      '@types/json-schema': 7.0.15

  '@types/estree@1.0.7': {}

  '@types/json-schema@7.0.15': {}

  '@types/minimist@1.2.5': {}

  '@types/node@24.0.14':
    dependencies:
      undici-types: 7.8.0

  '@types/normalize-package-data@2.4.4': {}

  '@types/semver@7.7.0': {}

  ansi-escapes@4.3.2:
    dependencies:
      type-fest: 0.21.3

  ansi-regex@5.0.1: {}

  ansi-styles@4.3.0:
    dependencies:
      color-convert: 2.0.1

  ansi-styles@5.2.0: {}

  array-union@2.1.0: {}

  arrify@1.0.1: {}

  braces@3.0.3:
    dependencies:
      fill-range: 7.1.1

  camelcase-keys@6.2.2:
    dependencies:
      camelcase: 5.3.1
      map-obj: 4.3.0
      quick-lru: 4.0.1

  camelcase@5.3.1: {}

  chalk@4.1.2:
    dependencies:
      ansi-styles: 4.3.0
      supports-color: 7.2.0

  color-convert@2.0.1:
    dependencies:
      color-name: 1.1.4

  color-name@1.1.4: {}

  decamelize-keys@1.1.1:
    dependencies:
      decamelize: 1.2.0
      map-obj: 1.0.1

  decamelize@1.2.0: {}

  diff-sequences@29.6.3: {}

  dir-glob@3.0.1:
    dependencies:
      path-type: 4.0.0

  emoji-regex@8.0.0: {}

  error-ex@1.3.2:
    dependencies:
      is-arrayish: 0.2.1

  eslint-formatter-pretty@4.1.0:
    dependencies:
      '@types/eslint': 7.29.0
      ansi-escapes: 4.3.2
      chalk: 4.1.2
      eslint-rule-docs: 1.1.235
      log-symbols: 4.1.0
      plur: 4.0.0
      string-width: 4.2.3
      supports-hyperlinks: 2.3.0

  eslint-rule-docs@1.1.235: {}

  fast-glob@3.3.3:
    dependencies:
      '@nodelib/fs.stat': 2.0.5
      '@nodelib/fs.walk': 1.2.8
      glob-parent: 5.1.2
      merge2: 1.4.1
      micromatch: 4.0.8

  fastq@1.19.1:
    dependencies:
      reusify: 1.1.0

  fill-range@7.1.1:
    dependencies:
      to-regex-range: 5.0.1

  find-up@4.1.0:
    dependencies:
      locate-path: 5.0.0
      path-exists: 4.0.0

  function-bind@1.1.2: {}

  glob-parent@5.1.2:
    dependencies:
      is-glob: 4.0.3

  globby@11.1.0:
    dependencies:
      array-union: 2.1.0
      dir-glob: 3.0.1
      fast-glob: 3.3.3
      ignore: 5.3.2
      merge2: 1.4.1
      slash: 3.0.0

  hard-rejection@2.1.0: {}

  has-flag@4.0.0: {}

  hasown@2.0.2:
    dependencies:
      function-bind: 1.1.2

  hosted-git-info@2.8.9: {}

  hosted-git-info@4.1.0:
    dependencies:
      lru-cache: 6.0.0

  husky@9.1.7: {}

  ignore@5.3.2: {}

  indent-string@4.0.0: {}

  irregular-plurals@3.5.0: {}

  is-arrayish@0.2.1: {}

  is-core-module@2.16.1:
    dependencies:
      hasown: 2.0.2

  is-extglob@2.1.1: {}

  is-fullwidth-code-point@3.0.0: {}

  is-glob@4.0.3:
    dependencies:
      is-extglob: 2.1.1

  is-number@7.0.0: {}

  is-plain-obj@1.1.0: {}

  is-unicode-supported@0.1.0: {}

  jest-diff@29.7.0:
    dependencies:
      chalk: 4.1.2
      diff-sequences: 29.6.3
      jest-get-type: 29.6.3
      pretty-format: 29.7.0

  jest-get-type@29.6.3: {}

  jiti@2.4.2: {}

  js-tokens@4.0.0: {}

  json-parse-even-better-errors@2.3.1: {}

  kind-of@6.0.3: {}

  lines-and-columns@1.2.4: {}

  locate-path@5.0.0:
    dependencies:
      p-locate: 4.1.0

  log-symbols@4.1.0:
    dependencies:
      chalk: 4.1.2
      is-unicode-supported: 0.1.0

  lru-cache@6.0.0:
    dependencies:
      yallist: 4.0.0

  map-obj@1.0.1: {}

  map-obj@4.3.0: {}

  meow@9.0.0:
    dependencies:
      '@types/minimist': 1.2.5
      camelcase-keys: 6.2.2
      decamelize: 1.2.0
      decamelize-keys: 1.1.1
      hard-rejection: 2.1.0
      minimist-options: 4.1.0
      normalize-package-data: 3.0.3
      read-pkg-up: 7.0.1
      redent: 3.0.0
      trim-newlines: 3.0.1
      type-fest: 0.18.1
      yargs-parser: 20.2.9

  merge2@1.4.1: {}

  micromatch@4.0.8:
    dependencies:
      braces: 3.0.3
      picomatch: 2.3.1

  min-indent@1.0.1: {}

  minimist-options@4.1.0:
    dependencies:
      arrify: 1.0.1
      is-plain-obj: 1.1.0
      kind-of: 6.0.3

  normalize-package-data@2.5.0:
    dependencies:
      hosted-git-info: 2.8.9
      resolve: 1.22.10
      semver: 5.7.2
      validate-npm-package-license: 3.0.4

  normalize-package-data@3.0.3:
    dependencies:
      hosted-git-info: 4.1.0
      is-core-module: 2.16.1
      semver: 7.7.2
      validate-npm-package-license: 3.0.4

  p-limit@2.3.0:
    dependencies:
      p-try: 2.2.0

  p-locate@4.1.0:
    dependencies:
      p-limit: 2.3.0

  p-try@2.2.0: {}

  parse-json@5.2.0:
    dependencies:
      '@babel/code-frame': 7.26.2
      error-ex: 1.3.2
      json-parse-even-better-errors: 2.3.1
      lines-and-columns: 1.2.4

  path-exists@4.0.0: {}

  path-parse@1.0.7: {}

  path-type@4.0.0: {}

  picocolors@1.1.1: {}

  picomatch@2.3.1: {}

  plur@4.0.0:
    dependencies:
      irregular-plurals: 3.5.0

  pretty-format@29.7.0:
    dependencies:
      '@jest/schemas': 29.6.3
      ansi-styles: 5.2.0
      react-is: 18.3.1

  prisma@6.11.0(typescript@5.8.3):
    dependencies:
      '@prisma/config': 6.11.0
      '@prisma/engines': 6.11.0
    optionalDependencies:
      typescript: 5.8.3

  queue-microtask@1.2.3: {}

  quick-lru@4.0.1: {}

  react-is@18.3.1: {}

  read-pkg-up@7.0.1:
    dependencies:
      find-up: 4.1.0
      read-pkg: 5.2.0
      type-fest: 0.8.1

  read-pkg@5.2.0:
    dependencies:
      '@types/normalize-package-data': 2.4.4
      normalize-package-data: 2.5.0
      parse-json: 5.2.0
      type-fest: 0.6.0

  redent@3.0.0:
    dependencies:
      indent-string: 4.0.0
      strip-indent: 3.0.0

  resolve@1.22.10:
    dependencies:
      is-core-module: 2.16.1
      path-parse: 1.0.7
      supports-preserve-symlinks-flag: 1.0.0

  reusify@1.1.0: {}

  run-parallel@1.2.0:
    dependencies:
      queue-microtask: 1.2.3

  semver@5.7.2: {}

  semver@7.7.2: {}

  slash@3.0.0: {}

  spdx-correct@3.2.0:
    dependencies:
      spdx-expression-parse: 3.0.1
      spdx-license-ids: 3.0.21

  spdx-exceptions@2.5.0: {}

  spdx-expression-parse@3.0.1:
    dependencies:
      spdx-exceptions: 2.5.0
      spdx-license-ids: 3.0.21

  spdx-license-ids@3.0.21: {}

  string-width@4.2.3:
    dependencies:
      emoji-regex: 8.0.0
      is-fullwidth-code-point: 3.0.0
      strip-ansi: 6.0.1

  strip-ansi@6.0.1:
    dependencies:
      ansi-regex: 5.0.1

  strip-indent@3.0.0:
    dependencies:
      min-indent: 1.0.1

  supports-color@7.2.0:
    dependencies:
      has-flag: 4.0.0

  supports-hyperlinks@2.3.0:
    dependencies:
      has-flag: 4.0.0
      supports-color: 7.2.0

  supports-preserve-symlinks-flag@1.0.0: {}

  to-regex-range@5.0.1:
    dependencies:
      is-number: 7.0.0

  trim-newlines@3.0.1: {}

  tsd@0.32.0:
    dependencies:
      '@tsd/typescript': 5.8.3
      eslint-formatter-pretty: 4.1.0
      globby: 11.1.0
      jest-diff: 29.7.0
      meow: 9.0.0
      path-exists: 4.0.0
      read-pkg-up: 7.0.1

  tslib@2.8.1: {}

  type-fest@0.18.1: {}

  type-fest@0.21.3: {}

  type-fest@0.6.0: {}

  type-fest@0.8.1: {}

  typescript@5.8.3: {}

  undici-types@7.8.0: {}

  validate-npm-package-license@3.0.4:
    dependencies:
      spdx-correct: 3.2.0
      spdx-expression-parse: 3.0.1

  yallist@4.0.0: {}

  yargs-parser@20.2.9: {}
