# THIS IS AN AUTOGENERATED FILE. DO NOT EDIT THIS FILE DIRECTLY.
# yarn lockfile v1


"@arthurfiorette/prettier-config@^1.0.7":
  version "1.0.7"
  resolved "https://registry.npmjs.org/@arthurfiorette/prettier-config/-/prettier-config-1.0.7.tgz"
  dependencies:
    "@types/prettier" "*"

"@prisma/client@^4.9.0":
  version "4.9.0"
  resolved "https://registry.yarnpkg.com/@prisma/client/-/client-4.9.0.tgz#4a4068f3540732ea5723c008d49ed684d20f9340"
  integrity sha512-bz6QARw54sWcbyR1lLnF2QHvRW5R/Jxnbbmwh3u+969vUKXtBkXgSgjDA85nji31ZBlf7+FrHDy5x+5ydGyQDg==
  dependencies:
    "@prisma/engines-version" "4.9.0-42.ceb5c99003b99c9ee2c1d2e618e359c14aef2ea5"

"@prisma/debug@4.9.0":
  version "4.9.0"
  resolved "https://registry.yarnpkg.com/@prisma/debug/-/debug-4.9.0.tgz#8e08ddcaead3ea6977cdfcc7ddbbbdb3d40698d9"
  dependencies:
    "@types/debug" "4.1.7"
    debug "4.3.4"
    strip-ansi "6.0.1"

"@prisma/engines-version@4.9.0-42.ceb5c99003b99c9ee2c1d2e618e359c14aef2ea5":
  version "4.9.0-42.ceb5c99003b99c9ee2c1d2e618e359c14aef2ea5"
  resolved "https://registry.yarnpkg.com/@prisma/engines-version/-/engines-version-4.9.0-42.ceb5c99003b99c9ee2c1d2e618e359c14aef2ea5.tgz#9d817a5779fc05b107eb02f63d197ad296d60b3c"
  integrity sha512-M16aibbxi/FhW7z1sJCX8u+0DriyQYY5AyeTH7plQm9MLnURoiyn3CZBqAyIoQ+Z1pS77usCIibYJWSgleBMBA==

"@prisma/engines@4.9.0":
  version "4.9.0"
  resolved "https://registry.yarnpkg.com/@prisma/engines/-/engines-4.9.0.tgz#05a1411964e047c1bc43f777c7a1c69f86a2a26c"

"@prisma/generator-helper@4.9.0":
  version "4.9.0"
  resolved "https://registry.yarnpkg.com/@prisma/generator-helper/-/generator-helper-4.9.0.tgz#7bf61f33047c25ffb1fba3a528a2597a62ddbc68"
  dependencies:
    "@prisma/debug" "4.9.0"
    "@types/cross-spawn" "6.0.2"
    chalk "4.1.2"
    cross-spawn "7.0.3"

"@types/cross-spawn@6.0.2":
  version "6.0.2"
  resolved "https://registry.npmjs.org/@types/cross-spawn/-/cross-spawn-6.0.2.tgz"
  dependencies:
    "@types/node" "*"

"@types/debug@4.1.7":
  version "4.1.7"
  resolved "https://registry.npmjs.org/@types/debug/-/debug-4.1.7.tgz"
  dependencies:
    "@types/ms" "*"

"@types/ms@*":
  version "0.7.31"
  resolved "https://registry.npmjs.org/@types/ms/-/ms-0.7.31.tgz"

"@types/node@*", "@types/node@18.11.18":
  version "18.11.18"
  resolved "https://registry.npmjs.org/@types/node/-/node-18.11.18.tgz"

"@types/prettier@*", "@types/prettier@2.7.2":
  version "2.7.2"
  resolved "https://registry.npmjs.org/@types/prettier/-/prettier-2.7.2.tgz"

ansi-regex@^5.0.1:
  version "5.0.1"
  resolved "https://registry.npmjs.org/ansi-regex/-/ansi-regex-5.0.1.tgz"

ansi-styles@^4.1.0:
  version "4.3.0"
  resolved "https://registry.npmjs.org/ansi-styles/-/ansi-styles-4.3.0.tgz"
  dependencies:
    color-convert "^2.0.1"

chalk@4.1.2:
  version "4.1.2"
  resolved "https://registry.npmjs.org/chalk/-/chalk-4.1.2.tgz"
  dependencies:
    ansi-styles "^4.1.0"
    supports-color "^7.1.0"

color-convert@^2.0.1:
  version "2.0.1"
  resolved "https://registry.npmjs.org/color-convert/-/color-convert-2.0.1.tgz"
  dependencies:
    color-name "~1.1.4"

color-name@~1.1.4:
  version "1.1.4"
  resolved "https://registry.npmjs.org/color-name/-/color-name-1.1.4.tgz"

cross-spawn@7.0.3:
  version "7.0.3"
  resolved "https://registry.npmjs.org/cross-spawn/-/cross-spawn-7.0.3.tgz"
  dependencies:
    path-key "^3.1.0"
    shebang-command "^2.0.0"
    which "^2.0.1"

debug@4.3.4:
  version "4.3.4"
  resolved "https://registry.npmjs.org/debug/-/debug-4.3.4.tgz"
  dependencies:
    ms "2.1.2"

has-flag@^4.0.0:
  version "4.0.0"
  resolved "https://registry.npmjs.org/has-flag/-/has-flag-4.0.0.tgz"

isexe@^2.0.0:
  version "2.0.0"
  resolved "https://registry.npmjs.org/isexe/-/isexe-2.0.0.tgz"

ms@2.1.2:
  version "2.1.2"
  resolved "https://registry.npmjs.org/ms/-/ms-2.1.2.tgz"

path-key@^3.1.0:
  version "3.1.1"
  resolved "https://registry.npmjs.org/path-key/-/path-key-3.1.1.tgz"

prettier@2.8.3:
  version "2.8.3"
  resolved "https://registry.yarnpkg.com/prettier/-/prettier-2.8.3.tgz#ab697b1d3dd46fb4626fbe2f543afe0cc98d8632"

prisma@^4.9.0:
  version "4.9.0"
  resolved "https://registry.yarnpkg.com/prisma/-/prisma-4.9.0.tgz#295954b2a89cd35a0e6bcf66b2b036dbf80c75ee"
  integrity sha512-bS96oZ5oDFXYgoF2l7PJ3Mp1wWWfLOo8B/jAfbA2Pn0Wm5Z/owBHzaMQKS3i1CzVBDWWPVnOohmbJmjvkcHS5w==
  dependencies:
    "@prisma/engines" "4.9.0"

shebang-command@^2.0.0:
  version "2.0.0"
  resolved "https://registry.npmjs.org/shebang-command/-/shebang-command-2.0.0.tgz"
  dependencies:
    shebang-regex "^3.0.0"

shebang-regex@^3.0.0:
  version "3.0.0"
  resolved "https://registry.npmjs.org/shebang-regex/-/shebang-regex-3.0.0.tgz"

strip-ansi@6.0.1:
  version "6.0.1"
  resolved "https://registry.npmjs.org/strip-ansi/-/strip-ansi-6.0.1.tgz"
  dependencies:
    ansi-regex "^5.0.1"

supports-color@^7.1.0:
  version "7.2.0"
  resolved "https://registry.npmjs.org/supports-color/-/supports-color-7.2.0.tgz"
  dependencies:
    has-flag "^4.0.0"

typescript@4.9.4:
  version "4.9.4"
  resolved "https://registry.npmjs.org/typescript/-/typescript-4.9.4.tgz"

which@^2.0.1:
  version "2.0.2"
  resolved "https://registry.npmjs.org/which/-/which-2.0.2.tgz"
  dependencies:
    isexe "^2.0.0"
